// !$*UTF8*$!
{
	archiveVersion = 1;
	classes = {
	};
	objectVersion = 50;
	objects = {

/* Begin PBXBuildFile section */
		3FBE9D0621C23E340014D15A /* AppDelegate.swift in Sources */ = {isa = PBXBuildFile; fileRef = 3FBE9D0521C23E340014D15A /* AppDelegate.swift */; };
		3FBE9D0821C23E340014D15A /* ImageViewController.swift in Sources */ = {isa = PBXBuildFile; fileRef = 3FBE9D0721C23E340014D15A /* ImageViewController.swift */; };
		3FBE9D0B21C23E340014D15A /* Main.storyboard in Resources */ = {isa = PBXBuildFile; fileRef = 3FBE9D0921C23E340014D15A /* Main.storyboard */; };
		3FBE9D0D21C23E350014D15A /* Assets.xcassets in Resources */ = {isa = PBXBuildFile; fileRef = 3FBE9D0C21C23E350014D15A /* Assets.xcassets */; };
		3FBE9D1021C23E350014D15A /* LaunchScreen.storyboard in Resources */ = {isa = PBXBuildFile; fileRef = 3FBE9D0E21C23E350014D15A /* LaunchScreen.storyboard */; };
		3FBE9D3021C24A430014D15A /* Alamofire.framework in Frameworks */ = {isa = PBXBuildFile; fileRef = 3FBE9D2321C249BA0014D15A /* Alamofire.framework */; };
		3FBE9D3121C24A430014D15A /* Alamofire.framework in Embed Frameworks */ = {isa = PBXBuildFile; fileRef = 3FBE9D2321C249BA0014D15A /* Alamofire.framework */; settings = {ATTRIBUTES = (CodeSignOnCopy, RemoveHeadersOnCopy, ); }; };
		3FBE9D3621C24FC10014D15A /* JSONViewController.swift in Sources */ = {isa = PBXBuildFile; fileRef = 3FBE9D3521C24FC10014D15A /* JSONViewController.swift */; };
		3FBE9D3821C250050014D15A /* PersonTableViewController.swift in Sources */ = {isa = PBXBuildFile; fileRef = 3FBE9D3721C250050014D15A /* PersonTableViewController.swift */; };
		3FBE9D3A21C2503F0014D15A /* PersonViewController.swift in Sources */ = {isa = PBXBuildFile; fileRef = 3FBE9D3921C2503F0014D15A /* PersonViewController.swift */; };
/* End PBXBuildFile section */

/* Begin PBXContainerItemProxy section */
		3FBE9D2221C249BA0014D15A /* PBXContainerItemProxy */ = {
			isa = PBXContainerItemProxy;
			containerPortal = 3FBE9D1721C249BA0014D15A /* Alamofire.xcodeproj */;
			proxyType = 2;
			remoteGlobalIDString = F8111E3319A95C8B0040E7D1;
			remoteInfo = "Alamofire iOS";
		};
		3FBE9D2421C249BA0014D15A /* PBXContainerItemProxy */ = {
			isa = PBXContainerItemProxy;
			containerPortal = 3FBE9D1721C249BA0014D15A /* Alamofire.xcodeproj */;
			proxyType = 2;
			remoteGlobalIDString = F8111E3E19A95C8B0040E7D1;
			remoteInfo = "Alamofire iOS Tests";
		};
		3FBE9D2621C249BA0014D15A /* PBXContainerItemProxy */ = {
			isa = PBXContainerItemProxy;
			containerPortal = 3FBE9D1721C249BA0014D15A /* Alamofire.xcodeproj */;
			proxyType = 2;
			remoteGlobalIDString = 4DD67C0B1A5C55C900ED2280;
			remoteInfo = "Alamofire macOS";
		};
		3FBE9D2821C249BA0014D15A /* PBXContainerItemProxy */ = {
			isa = PBXContainerItemProxy;
			containerPortal = 3FBE9D1721C249BA0014D15A /* Alamofire.xcodeproj */;
			proxyType = 2;
			remoteGlobalIDString = F829C6B21A7A94F100A2CD59;
			remoteInfo = "Alamofire macOS Tests";
		};
		3FBE9D2A21C249BA0014D15A /* PBXContainerItemProxy */ = {
			isa = PBXContainerItemProxy;
			containerPortal = 3FBE9D1721C249BA0014D15A /* Alamofire.xcodeproj */;
			proxyType = 2;
			remoteGlobalIDString = 4CF626EF1BA7CB3E0011A099;
			remoteInfo = "Alamofire tvOS";
		};
		3FBE9D2C21C249BA0014D15A /* PBXContainerItemProxy */ = {
			isa = PBXContainerItemProxy;
			containerPortal = 3FBE9D1721C249BA0014D15A /* Alamofire.xcodeproj */;
			proxyType = 2;
			remoteGlobalIDString = 4CF626F81BA7CB3E0011A099;
			remoteInfo = "Alamofire tvOS Tests";
		};
		3FBE9D2E21C249BA0014D15A /* PBXContainerItemProxy */ = {
			isa = PBXContainerItemProxy;
			containerPortal = 3FBE9D1721C249BA0014D15A /* Alamofire.xcodeproj */;
			proxyType = 2;
			remoteGlobalIDString = E4202FE01B667AA100C997FB;
			remoteInfo = "Alamofire watchOS";
		};
		3FBE9D3221C24A430014D15A /* PBXContainerItemProxy */ = {
			isa = PBXContainerItemProxy;
			containerPortal = 3FBE9D1721C249BA0014D15A /* Alamofire.xcodeproj */;
			proxyType = 1;
			remoteGlobalIDString = F8111E3219A95C8B0040E7D1;
			remoteInfo = "Alamofire iOS";
		};
/* End PBXContainerItemProxy section */

/* Begin PBXCopyFilesBuildPhase section */
		3FBE9D3421C24A430014D15A /* Embed Frameworks */ = {
			isa = PBXCopyFilesBuildPhase;
			buildActionMask = 2147483647;
			dstPath = "";
			dstSubfolderSpec = 10;
			files = (
				3FBE9D3121C24A430014D15A /* Alamofire.framework in Embed Frameworks */,
			);
			name = "Embed Frameworks";
			runOnlyForDeploymentPostprocessing = 0;
		};
/* End PBXCopyFilesBuildPhase section */

/* Begin PBXFileReference section */
		3FBE9D0221C23E340014D15A /* network.app */ = {isa = PBXFileReference; explicitFileType = wrapper.application; includeInIndex = 0; path = network.app; sourceTree = BUILT_PRODUCTS_DIR; };
		3FBE9D0521C23E340014D15A /* AppDelegate.swift */ = {isa = PBXFileReference; lastKnownFileType = sourcecode.swift; path = AppDelegate.swift; sourceTree = "<group>"; };
		3FBE9D0721C23E340014D15A /* ImageViewController.swift */ = {isa = PBXFileReference; lastKnownFileType = sourcecode.swift; path = ImageViewController.swift; sourceTree = "<group>"; };
		3FBE9D0A21C23E340014D15A /* Base */ = {isa = PBXFileReference; lastKnownFileType = file.storyboard; name = Base; path = Base.lproj/Main.storyboard; sourceTree = "<group>"; };
		3FBE9D0C21C23E350014D15A /* Assets.xcassets */ = {isa = PBXFileReference; lastKnownFileType = folder.assetcatalog; path = Assets.xcassets; sourceTree = "<group>"; };
		3FBE9D0F21C23E350014D15A /* Base */ = {isa = PBXFileReference; lastKnownFileType = file.storyboard; name = Base; path = Base.lproj/LaunchScreen.storyboard; sourceTree = "<group>"; };
		3FBE9D1121C23E350014D15A /* Info.plist */ = {isa = PBXFileReference; lastKnownFileType = text.plist.xml; path = Info.plist; sourceTree = "<group>"; };
		3FBE9D1721C249BA0014D15A /* Alamofire.xcodeproj */ = {isa = PBXFileReference; lastKnownFileType = "wrapper.pb-project"; name = Alamofire.xcodeproj; path = "Alamofire-master/Alamofire.xcodeproj"; sourceTree = "<group>"; };
		3FBE9D3521C24FC10014D15A /* JSONViewController.swift */ = {isa = PBXFileReference; lastKnownFileType = sourcecode.swift; path = JSONViewController.swift; sourceTree = "<group>"; };
		3FBE9D3721C250050014D15A /* PersonTableViewController.swift */ = {isa = PBXFileReference; lastKnownFileType = sourcecode.swift; path = PersonTableViewController.swift; sourceTree = "<group>"; };
		3FBE9D3921C2503F0014D15A /* PersonViewController.swift */ = {isa = PBXFileReference; lastKnownFileType = sourcecode.swift; path = PersonViewController.swift; sourceTree = "<group>"; };
/* End PBXFileReference section */

/* Begin PBXFrameworksBuildPhase section */
		3FBE9CFF21C23E340014D15A /* Frameworks */ = {
			isa = PBXFrameworksBuildPhase;
			buildActionMask = 2147483647;
			files = (
				3FBE9D3021C24A430014D15A /* Alamofire.framework in Frameworks */,
			);
			runOnlyForDeploymentPostprocessing = 0;
		};
/* End PBXFrameworksBuildPhase section */

/* Begin PBXGroup section */
		3FBE9CF921C23E340014D15A = {
			isa = PBXGroup;
			children = (
				3FBE9D1721C249BA0014D15A /* Alamofire.xcodeproj */,
				3FBE9D0421C23E340014D15A /* network */,
				3FBE9D0321C23E340014D15A /* Products */,
			);
			sourceTree = "<group>";
		};
		3FBE9D0321C23E340014D15A /* Products */ = {
			isa = PBXGroup;
			children = (
				3FBE9D0221C23E340014D15A /* network.app */,
			);
			name = Products;
			sourceTree = "<group>";
		};
		3FBE9D0421C23E340014D15A /* network */ = {
			isa = PBXGroup;
			children = (
				3FBE9D0521C23E340014D15A /* AppDelegate.swift */,
				3FBE9D0721C23E340014D15A /* ImageViewController.swift */,
				3FBE9D3521C24FC10014D15A /* JSONViewController.swift */,
				3FBE9D3721C250050014D15A /* PersonTableViewController.swift */,
				3FBE9D3921C2503F0014D15A /* PersonViewController.swift */,
				3FBE9D0921C23E340014D15A /* Main.storyboard */,
				3FBE9D0C21C23E350014D15A /* Assets.xcassets */,
				3FBE9D0E21C23E350014D15A /* LaunchScreen.storyboard */,
				3FBE9D1121C23E350014D15A /* Info.plist */,
			);
			path = network;
			sourceTree = "<group>";
		};
		3FBE9D1821C249BA0014D15A /* Products */ = {
			isa = PBXGroup;
			children = (
				3FBE9D2321C249BA0014D15A /* Alamofire.framework */,
				3FBE9D2521C249BA0014D15A /* Alamofire iOS Tests.xctest */,
				3FBE9D2721C249BA0014D15A /* Alamofire.framework */,
				3FBE9D2921C249BA0014D15A /* Alamofire macOS Tests.xctest */,
				3FBE9D2B21C249BA0014D15A /* Alamofire.framework */,
				3FBE9D2D21C249BA0014D15A /* Alamofire tvOS Tests.xctest */,
				3FBE9D2F21C249BA0014D15A /* Alamofire.framework */,
			);
			name = Products;
			sourceTree = "<group>";
		};
/* End PBXGroup section */

/* Begin PBXNativeTarget section */
		3FBE9D0121C23E340014D15A /* network */ = {
			isa = PBXNativeTarget;
			buildConfigurationList = 3FBE9D1421C23E350014D15A /* Build configuration list for PBXNativeTarget "network" */;
			buildPhases = (
				3FBE9CFE21C23E340014D15A /* Sources */,
				3FBE9CFF21C23E340014D15A /* Frameworks */,
				3FBE9D0021C23E340014D15A /* Resources */,
				3FBE9D3421C24A430014D15A /* Embed Frameworks */,
			);
			buildRules = (
			);
			dependencies = (
				3FBE9D3321C24A430014D15A /* PBXTargetDependency */,
			);
			name = network;
			productName = network;
			productReference = 3FBE9D0221C23E340014D15A /* network.app */;
			productType = "com.apple.product-type.application";
		};
/* End PBXNativeTarget section */

/* Begin PBXProject section */
		3FBE9CFA21C23E340014D15A /* Project object */ = {
			isa = PBXProject;
			attributes = {
				LastSwiftUpdateCheck = 1000;
				LastUpgradeCheck = 1000;
				ORGANIZATIONNAME = 2016110456;
				TargetAttributes = {
					3FBE9D0121C23E340014D15A = {
						CreatedOnToolsVersion = 10.0;
					};
				};
			};
			buildConfigurationList = 3FBE9CFD21C23E340014D15A /* Build configuration list for PBXProject "network" */;
			compatibilityVersion = "Xcode 9.3";
			developmentRegion = en;
			hasScannedForEncodings = 0;
			knownRegions = (
				en,
				Base,
			);
			mainGroup = 3FBE9CF921C23E340014D15A;
			productRefGroup = 3FBE9D0321C23E340014D15A /* Products */;
			projectDirPath = "";
			projectReferences = (
				{
					ProductGroup = 3FBE9D1821C249BA0014D15A /* Products */;
					ProjectRef = 3FBE9D1721C249BA0014D15A /* Alamofire.xcodeproj */;
				},
			);
			projectRoot = "";
			targets = (
				3FBE9D0121C23E340014D15A /* network */,
			);
		};
/* End PBXProject section */

/* Begin PBXReferenceProxy section */
		3FBE9D2321C249BA0014D15A /* Alamofire.framework */ = {
			isa = PBXReferenceProxy;
			fileType = wrapper.framework;
			path = Alamofire.framework;
			remoteRef = 3FBE9D2221C249BA0014D15A /* PBXContainerItemProxy */;
			sourceTree = BUILT_PRODUCTS_DIR;
		};
		3FBE9D2521C249BA0014D15A /* Alamofire iOS Tests.xctest */ = {
			isa = PBXReferenceProxy;
			fileType = wrapper.cfbundle;
			path = "Alamofire iOS Tests.xctest";
			remoteRef = 3FBE9D2421C249BA0014D15A /* PBXContainerItemProxy */;
			sourceTree = BUILT_PRODUCTS_DIR;
		};
		3FBE9D2721C249BA0014D15A /* Alamofire.framework */ = {
			isa = PBXReferenceProxy;
			fileType = wrapper.framework;
			path = Alamofire.framework;
			remoteRef = 3FBE9D2621C249BA0014D15A /* PBXContainerItemProxy */;
			sourceTree = BUILT_PRODUCTS_DIR;
		};
		3FBE9D2921C249BA0014D15A /* Alamofire macOS Tests.xctest */ = {
			isa = PBXReferenceProxy;
			fileType = wrapper.cfbundle;
			path = "Alamofire macOS Tests.xctest";
			remoteRef = 3FBE9D2821C249BA0014D15A /* PBXContainerItemProxy */;
			sourceTree = BUILT_PRODUCTS_DIR;
		};
		3FBE9D2B21C249BA0014D15A /* Alamofire.framework */ = {
			isa = PBXReferenceProxy;
			fileType = wrapper.framework;
			path = Alamofire.framework;
			remoteRef = 3FBE9D2A21C249BA0014D15A /* PBXContainerItemProxy */;
			sourceTree = BUILT_PRODUCTS_DIR;
		};
		3FBE9D2D21C249BA0014D15A /* Alamofire tvOS Tests.xctest */ = {
			isa = PBXReferenceProxy;
			fileType = wrapper.cfbundle;
			path = "Alamofire tvOS Tests.xctest";
			remoteRef = 3FBE9D2C21C249BA0014D15A /* PBXContainerItemProxy */;
			sourceTree = BUILT_PRODUCTS_DIR;
		};
		3FBE9D2F21C249BA0014D15A /* Alamofire.framework */ = {
			isa = PBXReferenceProxy;
			fileType = wrapper.framework;
			path = Alamofire.framework;
			remoteRef = 3FBE9D2E21C249BA0014D15A /* PBXContainerItemProxy */;
			sourceTree = BUILT_PRODUCTS_DIR;
		};
/* End PBXReferenceProxy section */

/* Begin PBXResourcesBuildPhase section */
		3FBE9D0021C23E340014D15A /* Resources */ = {
			isa = PBXResourcesBuildPhase;
			buildActionMask = 2147483647;
			files = (
				3FBE9D1021C23E350014D15A /* LaunchScreen.storyboard in Resources */,
				3FBE9D0D21C23E350014D15A /* Assets.xcassets in Resources */,
				3FBE9D0B21C23E340014D15A /* Main.storyboard in Resources */,
			);
			runOnlyForDeploymentPostprocessing = 0;
		};
/* End PBXResourcesBuildPhase section */

/* Begin PBXSourcesBuildPhase section */
		3FBE9CFE21C23E340014D15A /* Sources */ = {
			isa = PBXSourcesBuildPhase;
			buildActionMask = 2147483647;
			files = (
				3FBE9D3A21C2503F0014D15A /* PersonViewController.swift in Sources */,
				3FBE9D3821C250050014D15A /* PersonTableViewController.swift in Sources */,
				3FBE9D0821C23E340014D15A /* ImageViewController.swift in Sources */,
				3FBE9D0621C23E340014D15A /* AppDelegate.swift in Sources */,
				3FBE9D3621C24FC10014D15A /* JSONViewController.swift in Sources */,
			);
			runOnlyForDeploymentPostprocessing = 0;
		};
/* End PBXSourcesBuildPhase section */

/* Begin PBXTargetDependency section */
		3FBE9D3321C24A430014D15A /* PBXTargetDependency */ = {
			isa = PBXTargetDependency;
			name = "Alamofire iOS";
			targetProxy = 3FBE9D3221C24A430014D15A /* PBXContainerItemProxy */;
		};
/* End PBXTargetDependency section */

/* Begin PBXVariantGroup section */
		3FBE9D0921C23E340014D15A /* Main.storyboard */ = {
			isa = PBXVariantGroup;
			children = (
				3FBE9D0A21C23E340014D15A /* Base */,
			);
			name = Main.storyboard;
			sourceTree = "<group>";
		};
		3FBE9D0E21C23E350014D15A /* LaunchScreen.storyboard */ = {
			isa = PBXVariantGroup;
			children = (
				3FBE9D0F21C23E350014D15A /* Base */,
			);
			name = LaunchScreen.storyboard;
			sourceTree = "<group>";
		};
/* End PBXVariantGroup section */

/* Begin XCBuildConfiguration section */
		3FBE9D1221C23E350014D15A /* Debug */ = {
			isa = XCBuildConfiguration;
			buildSettings = {
				ALWAYS_SEARCH_USER_PATHS = NO;
				CLANG_ANALYZER_NONNULL = YES;
				CLANG_ANALYZER_NUMBER_OBJECT_CONVERSION = YES_AGGRESSIVE;
				CLANG_CXX_LANGUAGE_STANDARD = "gnu++14";
				CLANG_CXX_LIBRARY = "libc++";
				CLANG_ENABLE_MODULES = YES;
				CLANG_ENABLE_OBJC_ARC = YES;
				CLANG_ENABLE_OBJC_WEAK = YES;
				CLANG_WARN_BLOCK_CAPTURE_AUTORELEASING = YES;
				CLANG_WARN_BOOL_CONVERSION = YES;
				CLANG_WARN_COMMA = YES;
				CLANG_WARN_CONSTANT_CONVERSION = YES;
				CLANG_WARN_DEPRECATED_OBJC_IMPLEMENTATIONS = YES;
				CLANG_WARN_DIRECT_OBJC_ISA_USAGE = YES_ERROR;
				CLANG_WARN_DOCUMENTATION_COMMENTS = YES;
				CLANG_WARN_EMPTY_BODY = YES;
				CLANG_WARN_ENUM_CONVERSION = YES;
				CLANG_WARN_INFINITE_RECURSION = YES;
				CLANG_WARN_INT_CONVERSION = YES;
				CLANG_WARN_NON_LITERAL_NULL_CONVERSION = YES;
				CLANG_WARN_OBJC_IMPLICIT_RETAIN_SELF = YES;
				CLANG_WARN_OBJC_LITERAL_CONVERSION = YES;
				CLANG_WARN_OBJC_ROOT_CLASS = YES_ERROR;
				CLANG_WARN_RANGE_LOOP_ANALYSIS = YES;
				CLANG_WARN_STRICT_PROTOTYPES = YES;
				CLANG_WARN_SUSPICIOUS_MOVE = YES;
				CLANG_WARN_UNGUARDED_AVAILABILITY = YES_AGGRESSIVE;
				CLANG_WARN_UNREACHABLE_CODE = YES;
				CLANG_WARN__DUPLICATE_METHOD_MATCH = YES;
				CODE_SIGN_IDENTITY = "iPhone Developer";
				COPY_PHASE_STRIP = NO;
				DEBUG_INFORMATION_FORMAT = dwarf;
				ENABLE_STRICT_OBJC_MSGSEND = YES;
				ENABLE_TESTABILITY = YES;
				GCC_C_LANGUAGE_STANDARD = gnu11;
				GCC_DYNAMIC_NO_PIC = NO;
				GCC_NO_COMMON_BLOCKS = YES;
				GCC_OPTIMIZATION_LEVEL = 0;
				GCC_PREPROCESSOR_DEFINITIONS = (
					"DEBUG=1",
					"$(inherited)",
				);
				GCC_WARN_64_TO_32_BIT_CONVERSION = YES;
				GCC_WARN_ABOUT_RETURN_TYPE = YES_ERROR;
				GCC_WARN_UNDECLARED_SELECTOR = YES;
				GCC_WARN_UNINITIALIZED_AUTOS = YES_AGGRESSIVE;
				GCC_WARN_UNUSED_FUNCTION = YES;
				GCC_WARN_UNUSED_VARIABLE = YES;
				IPHONEOS_DEPLOYMENT_TARGET = 12.0;
				MTL_ENABLE_DEBUG_INFO = INCLUDE_SOURCE;
				MTL_FAST_MATH = YES;
				ONLY_ACTIVE_ARCH = YES;
				SDKROOT = iphoneos;
				SWIFT_ACTIVE_COMPILATION_CONDITIONS = DEBUG;
				SWIFT_OPTIMIZATION_LEVEL = "-Onone";
			};
			name = Debug;
		};
		3FBE9D1321C23E350014D15A /* Release */ = {
			isa = XCBuildConfiguration;
			buildSettings = {
				ALWAYS_SEARCH_USER_PATHS = NO;
				CLANG_ANALYZER_NONNULL = YES;
				CLANG_ANALYZER_NUMBER_OBJECT_CONVERSION = YES_AGGRESSIVE;
				CLANG_CXX_LANGUAGE_STANDARD = "gnu++14";
				CLANG_CXX_LIBRARY = "libc++";
				CLANG_ENABLE_MODULES = YES;
				CLANG_ENABLE_OBJC_ARC = YES;
				CLANG_ENABLE_OBJC_WEAK = YES;
				CLANG_WARN_BLOCK_CAPTURE_AUTORELEASING = YES;
				CLANG_WARN_BOOL_CONVERSION = YES;
				CLANG_WARN_COMMA = YES;
				CLANG_WARN_CONSTANT_CONVERSION = YES;
				CLANG_WARN_DEPRECATED_OBJC_IMPLEMENTATIONS = YES;
				CLANG_WARN_DIRECT_OBJC_ISA_USAGE = YES_ERROR;
				CLANG_WARN_DOCUMENTATION_COMMENTS = YES;
				CLANG_WARN_EMPTY_BODY = YES;
				CLANG_WARN_ENUM_CONVERSION = YES;
				CLANG_WARN_INFINITE_RECURSION = YES;
				CLANG_WARN_INT_CONVERSION = YES;
				CLANG_WARN_NON_LITERAL_NULL_CONVERSION = YES;
				CLANG_WARN_OBJC_IMPLICIT_RETAIN_SELF = YES;
				CLANG_WARN_OBJC_LITERAL_CONVERSION = YES;
				CLANG_WARN_OBJC_ROOT_CLASS = YES_ERROR;
				CLANG_WARN_RANGE_LOOP_ANALYSIS = YES;
				CLANG_WARN_STRICT_PROTOTYPES = YES;
				CLANG_WARN_SUSPICIOUS_MOVE = YES;
				CLANG_WARN_UNGUARDED_AVAILABILITY = YES_AGGRESSIVE;
				CLANG_WARN_UNREACHABLE_CODE = YES;
				CLANG_WARN__DUPLICATE_METHOD_MATCH = YES;
				CODE_SIGN_IDENTITY = "iPhone Developer";
				COPY_PHASE_STRIP = NO;
				DEBUG_INFORMATION_FORMAT = "dwarf-with-dsym";
				ENABLE_NS_ASSERTIONS = NO;
				ENABLE_STRICT_OBJC_MSGSEND = YES;
				GCC_C_LANGUAGE_STANDARD = gnu11;
				GCC_NO_COMMON_BLOCKS = YES;
				GCC_WARN_64_TO_32_BIT_CONVERSION = YES;
				GCC_WARN_ABOUT_RETURN_TYPE = YES_ERROR;
				GCC_WARN_UNDECLARED_SELECTOR = YES;
				GCC_WARN_UNINITIALIZED_AUTOS = YES_AGGRESSIVE;
				GCC_WARN_UNUSED_FUNCTION = YES;
				GCC_WARN_UNUSED_VARIABLE = YES;
				IPHONEOS_DEPLOYMENT_TARGET = 12.0;
				MTL_ENABLE_DEBUG_INFO = NO;
				MTL_FAST_MATH = YES;
				SDKROOT = iphoneos;
				SWIFT_COMPILATION_MODE = wholemodule;
				SWIFT_OPTIMIZATION_LEVEL = "-O";
				VALIDATE_PRODUCT = YES;
			};
			name = Release;
		};
		3FBE9D1521C23E350014D15A /* Debug */ = {
			isa = XCBuildConfiguration;
			buildSettings = {
				ALWAYS_EMBED_SWIFT_STANDARD_LIBRARIES = YES;
				ASSETCATALOG_COMPILER_APPICON_NAME = AppIcon;
				CODE_SIGN_STYLE = Automatic;
				INFOPLIST_FILE = network/Info.plist;
				LD_RUNPATH_SEARCH_PATHS = (
					"$(inherited)",
					"@executable_path/Frameworks",
				);
				PRODUCT_BUNDLE_IDENTIFIER = stg.network;
				PRODUCT_NAME = "$(TARGET_NAME)";
				SWIFT_VERSION = 4.2;
				TARGETED_DEVICE_FAMILY = "1,2";
			};
			name = Debug;
		};
		3FBE9D1621C23E350014D15A /* Release */ = {
			isa = XCBuildConfiguration;
			buildSettings = {
				ALWAYS_EMBED_SWIFT_STANDARD_LIBRARIES = YES;
				ASSETCATALOG_COMPILER_APPICON_NAME = AppIcon;
				CODE_SIGN_STYLE = Automatic;
				INFOPLIST_FILE = network/Info.plist;
				LD_RUNPATH_SEARCH_PATHS = (
					"$(inherited)",
					"@executable_path/Frameworks",
				);
				PRODUCT_BUNDLE_IDENTIFIER = stg.network;
				PRODUCT_NAME = "$(TARGET_NAME)";
				SWIFT_VERSION = 4.2;
				TARGETED_DEVICE_FAMILY = "1,2";
			};
			name = Release;
		};
/* End XCBuildConfiguration section */

/* Begin XCConfigurationList section */
		3FBE9CFD21C23E340014D15A /* Build configuration list for PBXProject "network" */ = {
			isa = XCConfigurationList;
			buildConfigurations = (
				3FBE9D1221C23E350014D15A /* Debug */,
				3FBE9D1321C23E350014D15A /* Release */,
			);
			defaultConfigurationIsVisible = 0;
			defaultConfigurationName = Release;
		};
		3FBE9D1421C23E350014D15A /* Build configuration list for PBXNativeTarget "network" */ = {
			isa = XCConfigurationList;
			buildConfigurations = (
				3FBE9D1521C23E350014D15A /* Debug */,
				3FBE9D1621C23E350014D15A /* Release */,
			);
			defaultConfigurationIsVisible = 0;
			defaultConfigurationName = Release;
		};
/* End XCConfigurationList section */
	};
	rootObject = 3FBE9CFA21C23E340014D15A /* Project object */;
}
